// !$*UTF8*$!
{
	archiveVersion = 1;
	classes = {
	};
	objectVersion = 56;
	objects = {

/* Begin PBXBuildFile section */
		F312A7A82D2C643F00B82AFA /* VerticalScrollView.swift in Sources */ = {isa = PBXBuildFile; fileRef = F312A7A72D2C643F00B82AFA /* VerticalScrollView.swift */; };
		F312A7AA2D2C656E00B82AFA /* HorizontalScrollView.swift in Sources */ = {isa = PBXBuildFile; fileRef = F312A7A92D2C656E00B82AFA /* HorizontalScrollView.swift */; };
		F312A7AC2D2C680500B82AFA /* LazyVGrid.swift in Sources */ = {isa = PBXBuildFile; fileRef = F312A7AB2D2C680500B82AFA /* LazyVGrid.swift */; };
		F312A7AE2D2C6A5F00B82AFA /* LazyHGrid.swift in Sources */ = {isa = PBXBuildFile; fileRef = F312A7AD2D2C6A5F00B82AFA /* LazyHGrid.swift */; };
		F35A30822D2EED8F00CD7D90 /* Form.swift in Sources */ = {isa = PBXBuildFile; fileRef = F35A30812D2EED8F00CD7D90 /* Form.swift */; };
		F35A30842D2EF2FD00CD7D90 /* SerchBar.swift in Sources */ = {isa = PBXBuildFile; fileRef = F35A30832D2EF2FD00CD7D90 /* SerchBar.swift */; };
		F35A30862D2EFB4200CD7D90 /* ToggleBulb.swift in Sources */ = {isa = PBXBuildFile; fileRef = F35A30852D2EFB4200CD7D90 /* ToggleBulb.swift */; };
		F35B11A82D2D9A700097CD64 /* AlignmentGuide.swift in Sources */ = {isa = PBXBuildFile; fileRef = F35B11A72D2D9A700097CD64 /* AlignmentGuide.swift */; };
		F35B11AA2D2DA2CB0097CD64 /* GeometryReader.swift in Sources */ = {isa = PBXBuildFile; fileRef = F35B11A92D2DA2CB0097CD64 /* GeometryReader.swift */; };
		F35B11AC2D2DA9390097CD64 /* CounterAppView.swift in Sources */ = {isa = PBXBuildFile; fileRef = F35B11AB2D2DA9390097CD64 /* CounterAppView.swift */; };
		F35B11AE2D2DAC880097CD64 /* ToggleUsingState.swift in Sources */ = {isa = PBXBuildFile; fileRef = F35B11AD2D2DAC880097CD64 /* ToggleUsingState.swift */; };
		F39CB4F22D2A8B89001A594E /* Profile.swift in Sources */ = {isa = PBXBuildFile; fileRef = F39CB4F12D2A8B89001A594E /* Profile.swift */; };
		F3A319982D2AFD8500D11B89 /* Hike.swift in Sources */ = {isa = PBXBuildFile; fileRef = F3A319972D2AFD8500D11B89 /* Hike.swift */; };
		F3A3199A2D2AFE3700D11B89 /* HikeList.swift in Sources */ = {isa = PBXBuildFile; fileRef = F3A319992D2AFE3700D11B89 /* HikeList.swift */; };
		F3A3CD452D29C099004A3842 /* UIComponents.swift in Sources */ = {isa = PBXBuildFile; fileRef = F3A3CD442D29C099004A3842 /* UIComponents.swift */; };
		F3A4AC1F2D24909B002C63BE /* FundamentalsOfSwiftUiApp.swift in Sources */ = {isa = PBXBuildFile; fileRef = F3A4AC1E2D24909B002C63BE /* FundamentalsOfSwiftUiApp.swift */; };
		F3A4AC212D24909B002C63BE /* ContentView.swift in Sources */ = {isa = PBXBuildFile; fileRef = F3A4AC202D24909B002C63BE /* ContentView.swift */; };
		F3A4AC232D24909D002C63BE /* Assets.xcassets in Resources */ = {isa = PBXBuildFile; fileRef = F3A4AC222D24909D002C63BE /* Assets.xcassets */; };
		F3A4AC262D24909D002C63BE /* Preview Assets.xcassets in Resources */ = {isa = PBXBuildFile; fileRef = F3A4AC252D24909D002C63BE /* Preview Assets.xcassets */; };
/* End PBXBuildFile section */

/* Begin PBXFileReference section */
		F312A7A72D2C643F00B82AFA /* VerticalScrollView.swift */ = {isa = PBXFileReference; lastKnownFileType = sourcecode.swift; path = VerticalScrollView.swift; sourceTree = "<group>"; };
		F312A7A92D2C656E00B82AFA /* HorizontalScrollView.swift */ = {isa = PBXFileReference; lastKnownFileType = sourcecode.swift; path = HorizontalScrollView.swift; sourceTree = "<group>"; };
		F312A7AB2D2C680500B82AFA /* LazyVGrid.swift */ = {isa = PBXFileReference; lastKnownFileType = sourcecode.swift; path = LazyVGrid.swift; sourceTree = "<group>"; };
		F312A7AD2D2C6A5F00B82AFA /* LazyHGrid.swift */ = {isa = PBXFileReference; lastKnownFileType = sourcecode.swift; path = LazyHGrid.swift; sourceTree = "<group>"; };
		F35A30812D2EED8F00CD7D90 /* Form.swift */ = {isa = PBXFileReference; lastKnownFileType = sourcecode.swift; path = Form.swift; sourceTree = "<group>"; };
		F35A30832D2EF2FD00CD7D90 /* SerchBar.swift */ = {isa = PBXFileReference; lastKnownFileType = sourcecode.swift; path = SerchBar.swift; sourceTree = "<group>"; };
		F35A30852D2EFB4200CD7D90 /* ToggleBulb.swift */ = {isa = PBXFileReference; lastKnownFileType = sourcecode.swift; path = ToggleBulb.swift; sourceTree = "<group>"; };
		F35B11A72D2D9A700097CD64 /* AlignmentGuide.swift */ = {isa = PBXFileReference; lastKnownFileType = sourcecode.swift; path = AlignmentGuide.swift; sourceTree = "<group>"; };
		F35B11A92D2DA2CB0097CD64 /* GeometryReader.swift */ = {isa = PBXFileReference; lastKnownFileType = sourcecode.swift; path = GeometryReader.swift; sourceTree = "<group>"; };
		F35B11AB2D2DA9390097CD64 /* CounterAppView.swift */ = {isa = PBXFileReference; lastKnownFileType = sourcecode.swift; path = CounterAppView.swift; sourceTree = "<group>"; };
		F35B11AD2D2DAC880097CD64 /* ToggleUsingState.swift */ = {isa = PBXFileReference; lastKnownFileType = sourcecode.swift; path = ToggleUsingState.swift; sourceTree = "<group>"; };
		F39CB4F12D2A8B89001A594E /* Profile.swift */ = {isa = PBXFileReference; lastKnownFileType = sourcecode.swift; path = Profile.swift; sourceTree = "<group>"; };
		F3A319972D2AFD8500D11B89 /* Hike.swift */ = {isa = PBXFileReference; lastKnownFileType = sourcecode.swift; path = Hike.swift; sourceTree = "<group>"; };
		F3A319992D2AFE3700D11B89 /* HikeList.swift */ = {isa = PBXFileReference; lastKnownFileType = sourcecode.swift; path = HikeList.swift; sourceTree = "<group>"; };
		F3A3CD442D29C099004A3842 /* UIComponents.swift */ = {isa = PBXFileReference; lastKnownFileType = sourcecode.swift; path = UIComponents.swift; sourceTree = "<group>"; };
		F3A4AC1B2D24909B002C63BE /* FundamentalsOfSwiftUi.app */ = {isa = PBXFileReference; explicitFileType = wrapper.application; includeInIndex = 0; path = FundamentalsOfSwiftUi.app; sourceTree = BUILT_PRODUCTS_DIR; };
		F3A4AC1E2D24909B002C63BE /* FundamentalsOfSwiftUiApp.swift */ = {isa = PBXFileReference; lastKnownFileType = sourcecode.swift; path = FundamentalsOfSwiftUiApp.swift; sourceTree = "<group>"; };
		F3A4AC202D24909B002C63BE /* ContentView.swift */ = {isa = PBXFileReference; lastKnownFileType = sourcecode.swift; path = ContentView.swift; sourceTree = "<group>"; };
		F3A4AC222D24909D002C63BE /* Assets.xcassets */ = {isa = PBXFileReference; lastKnownFileType = folder.assetcatalog; path = Assets.xcassets; sourceTree = "<group>"; };
		F3A4AC252D24909D002C63BE /* Preview Assets.xcassets */ = {isa = PBXFileReference; lastKnownFileType = folder.assetcatalog; path = "Preview Assets.xcassets"; sourceTree = "<group>"; };
/* End PBXFileReference section */

/* Begin PBXFrameworksBuildPhase section */
		F3A4AC182D24909B002C63BE /* Frameworks */ = {
			isa = PBXFrameworksBuildPhase;
			buildActionMask = 2147483647;
			files = (
			);
			runOnlyForDeploymentPostprocessing = 0;
		};
/* End PBXFrameworksBuildPhase section */

/* Begin PBXGroup section */
		F3A4AC122D24909B002C63BE = {
			isa = PBXGroup;
			children = (
				F3A4AC1D2D24909B002C63BE /* FundamentalsOfSwiftUi */,
				F3A4AC1C2D24909B002C63BE /* Products */,
			);
			sourceTree = "<group>";
		};
		F3A4AC1C2D24909B002C63BE /* Products */ = {
			isa = PBXGroup;
			children = (
				F3A4AC1B2D24909B002C63BE /* FundamentalsOfSwiftUi.app */,
			);
			name = Products;
			sourceTree = "<group>";
		};
		F3A4AC1D2D24909B002C63BE /* FundamentalsOfSwiftUi */ = {
			isa = PBXGroup;
			children = (
				F3A4AC1E2D24909B002C63BE /* FundamentalsOfSwiftUiApp.swift */,
				F3A4AC202D24909B002C63BE /* ContentView.swift */,
				F3A4AC222D24909D002C63BE /* Assets.xcassets */,
				F3A4AC242D24909D002C63BE /* Preview Content */,
				F3A3CD442D29C099004A3842 /* UIComponents.swift */,
				F39CB4F12D2A8B89001A594E /* Profile.swift */,
				F3A319972D2AFD8500D11B89 /* Hike.swift */,
				F3A319992D2AFE3700D11B89 /* HikeList.swift */,
				F312A7A72D2C643F00B82AFA /* VerticalScrollView.swift */,
				F312A7A92D2C656E00B82AFA /* HorizontalScrollView.swift */,
				F312A7AB2D2C680500B82AFA /* LazyVGrid.swift */,
				F312A7AD2D2C6A5F00B82AFA /* LazyHGrid.swift */,
				F35B11A72D2D9A700097CD64 /* AlignmentGuide.swift */,
				F35B11A92D2DA2CB0097CD64 /* GeometryReader.swift */,
				F35B11AB2D2DA9390097CD64 /* CounterAppView.swift */,
				F35B11AD2D2DAC880097CD64 /* ToggleUsingState.swift */,
				F35A30812D2EED8F00CD7D90 /* Form.swift */,
				F35A30832D2EF2FD00CD7D90 /* SerchBar.swift */,
				F35A30852D2EFB4200CD7D90 /* ToggleBulb.swift */,
			);
			path = FundamentalsOfSwiftUi;
			sourceTree = "<group>";
		};
		F3A4AC242D24909D002C63BE /* Preview Content */ = {
			isa = PBXGroup;
			children = (
				F3A4AC252D24909D002C63BE /* Preview Assets.xcassets */,
			);
			path = "Preview Content";
			sourceTree = "<group>";
		};
/* End PBXGroup section */

/* Begin PBXNativeTarget section */
		F3A4AC1A2D24909B002C63BE /* FundamentalsOfSwiftUi */ = {
			isa = PBXNativeTarget;
			buildConfigurationList = F3A4AC292D24909D002C63BE /* Build configuration list for PBXNativeTarget "FundamentalsOfSwiftUi" */;
			buildPhases = (
				F3A4AC172D24909B002C63BE /* Sources */,
				F3A4AC182D24909B002C63BE /* Frameworks */,
				F3A4AC192D24909B002C63BE /* Resources */,
			);
			buildRules = (
			);
			dependencies = (
			);
			name = FundamentalsOfSwiftUi;
			productName = FundamentalsOfSwiftUi;
			productReference = F3A4AC1B2D24909B002C63BE /* FundamentalsOfSwiftUi.app */;
			productType = "com.apple.product-type.application";
		};
/* End PBXNativeTarget section */

/* Begin PBXProject section */
		F3A4AC132D24909B002C63BE /* Project object */ = {
			isa = PBXProject;
			attributes = {
				BuildIndependentTargetsInParallel = 1;
				LastSwiftUpdateCheck = 1420;
				LastUpgradeCheck = 1420;
				TargetAttributes = {
					F3A4AC1A2D24909B002C63BE = {
						CreatedOnToolsVersion = 14.2;
					};
				};
			};
			buildConfigurationList = F3A4AC162D24909B002C63BE /* Build configuration list for PBXProject "FundamentalsOfSwiftUi" */;
			compatibilityVersion = "Xcode 14.0";
			developmentRegion = en;
			hasScannedForEncodings = 0;
			knownRegions = (
				en,
				Base,
			);
			mainGroup = F3A4AC122D24909B002C63BE;
			productRefGroup = F3A4AC1C2D24909B002C63BE /* Products */;
			projectDirPath = "";
			projectRoot = "";
			targets = (
				F3A4AC1A2D24909B002C63BE /* FundamentalsOfSwiftUi */,
			);
		};
/* End PBXProject section */

/* Begin PBXResourcesBuildPhase section */
		F3A4AC192D24909B002C63BE /* Resources */ = {
			isa = PBXResourcesBuildPhase;
			buildActionMask = 2147483647;
			files = (
				F3A4AC262D24909D002C63BE /* Preview Assets.xcassets in Resources */,
				F3A4AC232D24909D002C63BE /* Assets.xcassets in Resources */,
			);
			runOnlyForDeploymentPostprocessing = 0;
		};
/* End PBXResourcesBuildPhase section */

/* Begin PBXSourcesBuildPhase section */
		F3A4AC172D24909B002C63BE /* Sources */ = {
			isa = PBXSourcesBuildPhase;
			buildActionMask = 2147483647;
			files = (
				F3A319982D2AFD8500D11B89 /* Hike.swift in Sources */,
				F312A7AA2D2C656E00B82AFA /* HorizontalScrollView.swift in Sources */,
				F35A30822D2EED8F00CD7D90 /* Form.swift in Sources */,
				F35A30842D2EF2FD00CD7D90 /* SerchBar.swift in Sources */,
				F35B11AA2D2DA2CB0097CD64 /* GeometryReader.swift in Sources */,
				F3A4AC212D24909B002C63BE /* ContentView.swift in Sources */,
				F35A30862D2EFB4200CD7D90 /* ToggleBulb.swift in Sources */,
				F35B11AE2D2DAC880097CD64 /* ToggleUsingState.swift in Sources */,
				F35B11AC2D2DA9390097CD64 /* CounterAppView.swift in Sources */,
				F39CB4F22D2A8B89001A594E /* Profile.swift in Sources */,
				F3A3CD452D29C099004A3842 /* UIComponents.swift in Sources */,
				F3A3199A2D2AFE3700D11B89 /* HikeList.swift in Sources */,
				F312A7AC2D2C680500B82AFA /* LazyVGrid.swift in Sources */,
				F312A7A82D2C643F00B82AFA /* VerticalScrollView.swift in Sources */,
				F312A7AE2D2C6A5F00B82AFA /* LazyHGrid.swift in Sources */,
				F35B11A82D2D9A700097CD64 /* AlignmentGuide.swift in Sources */,
				F3A4AC1F2D24909B002C63BE /* FundamentalsOfSwiftUiApp.swift in Sources */,
			);
			runOnlyForDeploymentPostprocessing = 0;
		};
/* End PBXSourcesBuildPhase section */

/* Begin XCBuildConfiguration section */
		F3A4AC272D24909D002C63BE /* Debug */ = {
			isa = XCBuildConfiguration;
			buildSettings = {
				ALWAYS_SEARCH_USER_PATHS = NO;
				CLANG_ANALYZER_NONNULL = YES;
				CLANG_ANALYZER_NUMBER_OBJECT_CONVERSION = YES_AGGRESSIVE;
				CLANG_CXX_LANGUAGE_STANDARD = "gnu++20";
				CLANG_ENABLE_MODULES = YES;
				CLANG_ENABLE_OBJC_ARC = YES;
				CLANG_ENABLE_OBJC_WEAK = YES;
				CLANG_WARN_BLOCK_CAPTURE_AUTORELEASING = YES;
				CLANG_WARN_BOOL_CONVERSION = YES;
				CLANG_WARN_COMMA = YES;
				CLANG_WARN_CONSTANT_CONVERSION = YES;
				CLANG_WARN_DEPRECATED_OBJC_IMPLEMENTATIONS = YES;
				CLANG_WARN_DIRECT_OBJC_ISA_USAGE = YES_ERROR;
				CLANG_WARN_DOCUMENTATION_COMMENTS = YES;
				CLANG_WARN_EMPTY_BODY = YES;
				CLANG_WARN_ENUM_CONVERSION = YES;
				CLANG_WARN_INFINITE_RECURSION = YES;
				CLANG_WARN_INT_CONVERSION = YES;
				CLANG_WARN_NON_LITERAL_NULL_CONVERSION = YES;
				CLANG_WARN_OBJC_IMPLICIT_RETAIN_SELF = YES;
				CLANG_WARN_OBJC_LITERAL_CONVERSION = YES;
				CLANG_WARN_OBJC_ROOT_CLASS = YES_ERROR;
				CLANG_WARN_QUOTED_INCLUDE_IN_FRAMEWORK_HEADER = YES;
				CLANG_WARN_RANGE_LOOP_ANALYSIS = YES;
				CLANG_WARN_STRICT_PROTOTYPES = YES;
				CLANG_WARN_SUSPICIOUS_MOVE = YES;
				CLANG_WARN_UNGUARDED_AVAILABILITY = YES_AGGRESSIVE;
				CLANG_WARN_UNREACHABLE_CODE = YES;
				CLANG_WARN__DUPLICATE_METHOD_MATCH = YES;
				COPY_PHASE_STRIP = NO;
				DEBUG_INFORMATION_FORMAT = dwarf;
				ENABLE_STRICT_OBJC_MSGSEND = YES;
				ENABLE_TESTABILITY = YES;
				GCC_C_LANGUAGE_STANDARD = gnu11;
				GCC_DYNAMIC_NO_PIC = NO;
				GCC_NO_COMMON_BLOCKS = YES;
				GCC_OPTIMIZATION_LEVEL = 0;
				GCC_PREPROCESSOR_DEFINITIONS = (
					"DEBUG=1",
					"$(inherited)",
				);
				GCC_WARN_64_TO_32_BIT_CONVERSION = YES;
				GCC_WARN_ABOUT_RETURN_TYPE = YES_ERROR;
				GCC_WARN_UNDECLARED_SELECTOR = YES;
				GCC_WARN_UNINITIALIZED_AUTOS = YES_AGGRESSIVE;
				GCC_WARN_UNUSED_FUNCTION = YES;
				GCC_WARN_UNUSED_VARIABLE = YES;
				IPHONEOS_DEPLOYMENT_TARGET = 16.2;
				MTL_ENABLE_DEBUG_INFO = INCLUDE_SOURCE;
				MTL_FAST_MATH = YES;
				ONLY_ACTIVE_ARCH = YES;
				SDKROOT = iphoneos;
				SWIFT_ACTIVE_COMPILATION_CONDITIONS = DEBUG;
				SWIFT_OPTIMIZATION_LEVEL = "-Onone";
			};
			name = Debug;
		};
		F3A4AC282D24909D002C63BE /* Release */ = {
			isa = XCBuildConfiguration;
			buildSettings = {
				ALWAYS_SEARCH_USER_PATHS = NO;
				CLANG_ANALYZER_NONNULL = YES;
				CLANG_ANALYZER_NUMBER_OBJECT_CONVERSION = YES_AGGRESSIVE;
				CLANG_CXX_LANGUAGE_STANDARD = "gnu++20";
				CLANG_ENABLE_MODULES = YES;
				CLANG_ENABLE_OBJC_ARC = YES;
				CLANG_ENABLE_OBJC_WEAK = YES;
				CLANG_WARN_BLOCK_CAPTURE_AUTORELEASING = YES;
				CLANG_WARN_BOOL_CONVERSION = YES;
				CLANG_WARN_COMMA = YES;
				CLANG_WARN_CONSTANT_CONVERSION = YES;
				CLANG_WARN_DEPRECATED_OBJC_IMPLEMENTATIONS = YES;
				CLANG_WARN_DIRECT_OBJC_ISA_USAGE = YES_ERROR;
				CLANG_WARN_DOCUMENTATION_COMMENTS = YES;
				CLANG_WARN_EMPTY_BODY = YES;
				CLANG_WARN_ENUM_CONVERSION = YES;
				CLANG_WARN_INFINITE_RECURSION = YES;
				CLANG_WARN_INT_CONVERSION = YES;
				CLANG_WARN_NON_LITERAL_NULL_CONVERSION = YES;
				CLANG_WARN_OBJC_IMPLICIT_RETAIN_SELF = YES;
				CLANG_WARN_OBJC_LITERAL_CONVERSION = YES;
				CLANG_WARN_OBJC_ROOT_CLASS = YES_ERROR;
				CLANG_WARN_QUOTED_INCLUDE_IN_FRAMEWORK_HEADER = YES;
				CLANG_WARN_RANGE_LOOP_ANALYSIS = YES;
				CLANG_WARN_STRICT_PROTOTYPES = YES;
				CLANG_WARN_SUSPICIOUS_MOVE = YES;
				CLANG_WARN_UNGUARDED_AVAILABILITY = YES_AGGRESSIVE;
				CLANG_WARN_UNREACHABLE_CODE = YES;
				CLANG_WARN__DUPLICATE_METHOD_MATCH = YES;
				COPY_PHASE_STRIP = NO;
				DEBUG_INFORMATION_FORMAT = "dwarf-with-dsym";
				ENABLE_NS_ASSERTIONS = NO;
				ENABLE_STRICT_OBJC_MSGSEND = YES;
				GCC_C_LANGUAGE_STANDARD = gnu11;
				GCC_NO_COMMON_BLOCKS = YES;
				GCC_WARN_64_TO_32_BIT_CONVERSION = YES;
				GCC_WARN_ABOUT_RETURN_TYPE = YES_ERROR;
				GCC_WARN_UNDECLARED_SELECTOR = YES;
				GCC_WARN_UNINITIALIZED_AUTOS = YES_AGGRESSIVE;
				GCC_WARN_UNUSED_FUNCTION = YES;
				GCC_WARN_UNUSED_VARIABLE = YES;
				IPHONEOS_DEPLOYMENT_TARGET = 16.2;
				MTL_ENABLE_DEBUG_INFO = NO;
				MTL_FAST_MATH = YES;
				SDKROOT = iphoneos;
				SWIFT_COMPILATION_MODE = wholemodule;
				SWIFT_OPTIMIZATION_LEVEL = "-O";
				VALIDATE_PRODUCT = YES;
			};
			name = Release;
		};
		F3A4AC2A2D24909D002C63BE /* Debug */ = {
			isa = XCBuildConfiguration;
			buildSettings = {
				ASSETCATALOG_COMPILER_APPICON_NAME = AppIcon;
				ASSETCATALOG_COMPILER_GLOBAL_ACCENT_COLOR_NAME = AccentColor;
				CODE_SIGN_STYLE = Automatic;
				CURRENT_PROJECT_VERSION = 1;
				DEVELOPMENT_ASSET_PATHS = "\"FundamentalsOfSwiftUi/Preview Content\"";
				ENABLE_PREVIEWS = YES;
				GENERATE_INFOPLIST_FILE = YES;
				INFOPLIST_KEY_UIApplicationSceneManifest_Generation = YES;
				INFOPLIST_KEY_UIApplicationSupportsIndirectInputEvents = YES;
				INFOPLIST_KEY_UILaunchScreen_Generation = YES;
				INFOPLIST_KEY_UISupportedInterfaceOrientations_iPad = "UIInterfaceOrientationPortrait UIInterfaceOrientationPortraitUpsideDown UIInterfaceOrientationLandscapeLeft UIInterfaceOrientationLandscapeRight";
				INFOPLIST_KEY_UISupportedInterfaceOrientations_iPhone = "UIInterfaceOrientationPortrait UIInterfaceOrientationLandscapeLeft UIInterfaceOrientationLandscapeRight";
				IPHONEOS_DEPLOYMENT_TARGET = 16.2;
				LD_RUNPATH_SEARCH_PATHS = (
					"$(inherited)",
					"@executable_path/Frameworks",
				);
				MARKETING_VERSION = 1.0;
				PRODUCT_BUNDLE_IDENTIFIER = Pratik.FundamentalsOfSwiftUi;
				PRODUCT_NAME = "$(TARGET_NAME)";
				SWIFT_EMIT_LOC_STRINGS = YES;
				SWIFT_VERSION = 5.0;
				TARGETED_DEVICE_FAMILY = "1,2";
			};
			name = Debug;
		};
		F3A4AC2B2D24909D002C63BE /* Release */ = {
			isa = XCBuildConfiguration;
			buildSettings = {
				ASSETCATALOG_COMPILER_APPICON_NAME = AppIcon;
				ASSETCATALOG_COMPILER_GLOBAL_ACCENT_COLOR_NAME = AccentColor;
				CODE_SIGN_STYLE = Automatic;
				CURRENT_PROJECT_VERSION = 1;
				DEVELOPMENT_ASSET_PATHS = "\"FundamentalsOfSwiftUi/Preview Content\"";
				ENABLE_PREVIEWS = YES;
				GENERATE_INFOPLIST_FILE = YES;
				INFOPLIST_KEY_UIApplicationSceneManifest_Generation = YES;
				INFOPLIST_KEY_UIApplicationSupportsIndirectInputEvents = YES;
				INFOPLIST_KEY_UILaunchScreen_Generation = YES;
				INFOPLIST_KEY_UISupportedInterfaceOrientations_iPad = "UIInterfaceOrientationPortrait UIInterfaceOrientationPortraitUpsideDown UIInterfaceOrientationLandscapeLeft UIInterfaceOrientationLandscapeRight";
				INFOPLIST_KEY_UISupportedInterfaceOrientations_iPhone = "UIInterfaceOrientationPortrait UIInterfaceOrientationLandscapeLeft UIInterfaceOrientationLandscapeRight";
				IPHONEOS_DEPLOYMENT_TARGET = 16.2;
				LD_RUNPATH_SEARCH_PATHS = (
					"$(inherited)",
					"@executable_path/Frameworks",
				);
				MARKETING_VERSION = 1.0;
				PRODUCT_BUNDLE_IDENTIFIER = Pratik.FundamentalsOfSwiftUi;
				PRODUCT_NAME = "$(TARGET_NAME)";
				SWIFT_EMIT_LOC_STRINGS = YES;
				SWIFT_VERSION = 5.0;
				TARGETED_DEVICE_FAMILY = "1,2";
			};
			name = Release;
		};
/* End XCBuildConfiguration section */

/* Begin XCConfigurationList section */
		F3A4AC162D24909B002C63BE /* Build configuration list for PBXProject "FundamentalsOfSwiftUi" */ = {
			isa = XCConfigurationList;
			buildConfigurations = (
				F3A4AC272D24909D002C63BE /* Debug */,
				F3A4AC282D24909D002C63BE /* Release */,
			);
			defaultConfigurationIsVisible = 0;
			defaultConfigurationName = Release;
		};
		F3A4AC292D24909D002C63BE /* Build configuration list for PBXNativeTarget "FundamentalsOfSwiftUi" */ = {
			isa = XCConfigurationList;
			buildConfigurations = (
				F3A4AC2A2D24909D002C63BE /* Debug */,
				F3A4AC2B2D24909D002C63BE /* Release */,
			);
			defaultConfigurationIsVisible = 0;
			defaultConfigurationName = Release;
		};
/* End XCConfigurationList section */
	};
	rootObject = F3A4AC132D24909B002C63BE /* Project object */;
}
